
Microsoft Visual Studio Solution File, Format Version 12.00
# Visual Studio Version 17
VisualStudioVersion = 17.5.33516.290
MinimumVisualStudioVersion = 10.0.40219.1
Project("{FAE04EC0-301F-11D3-BF4B-00C04F79EFBC}") = "MangaApi", "MangaApi\MangaApi.csproj", "{B71124BE-57F6-4F41-A18B-94057E5D8F4D}"
EndProject
Project("{9A19103F-16F7-4668-BE54-9A1E7A4F7556}") = "Data", "Data\Data.csproj", "{A7E27F15-886A-4862-908C-557F17205B77}"
EndProject
Project("{9A19103F-16F7-4668-BE54-9A1E7A4F7556}") = "EmailingService", "EmailService\EmailingService.csproj", "{3AC01751-9DA2-4CAE-ADC1-BF359234AF22}"
EndProject
Project("{9A19103F-16F7-4668-BE54-9A1E7A4F7556}") = "FileService", "FileService\FileService.csproj", "{DB098632-F50E-4A0D-8BA5-4EC874460687}"
EndProject
Project("{9A19103F-16F7-4668-BE54-9A1E7A4F7556}") = "Services", "Services\Services.csproj", "{1C49E0ED-D6FD-4B59-A496-1494FC94A776}"
EndProject
Project("{9A19103F-16F7-4668-BE54-9A1E7A4F7556}") = "Services.Shared", "Services.Core\Services.Shared.csproj", "{79624EBE-5BCA-4668-A4AE-B9CD99FCB524}"
EndProject
Project("{9A19103F-16F7-4668-BE54-9A1E7A4F7556}") = "ValidateService", "ValidateService\ValidateService.csproj", "{EA4C4C2C-4004-497D-95C5-36269EBECF67}"
EndProject
Project("{9A19103F-16F7-4668-BE54-9A1E7A4F7556}") = "WrapperService", "WrapperService\WrapperService.csproj", "{3C964EA3-68C9-46F4-ABB4-88E096E5D90C}"
EndProject
Project("{2150E333-8FDC-42A3-9474-1A3956D46DE8}") = "Manga.Application", "Manga.Application", "{E410CDCB-322E-4176-875C-324282A65426}"
EndProject
Project("{2150E333-8FDC-42A3-9474-1A3956D46DE8}") = "Manga.Shared", "Manga.Shared", "{E0DD4C20-B8F1-49CE-9EE0-0ACC7D81B37B}"
EndProject
Project("{9A19103F-16F7-4668-BE54-9A1E7A4F7556}") = "LoginingService", "LoginingService\LoginingService.csproj", "{6CEE50CD-5104-4863-8344-E3D2B3BC09ED}"
EndProject
Project("{E53339B2-1760-4266-BCC7-CA923CBCF16C}") = "docker-compose", "docker-compose.dcproj", "{1F0CA71E-92EB-4BDC-BBA9-8F8999A7E36F}"
EndProject
Global
	GlobalSection(SolutionConfigurationPlatforms) = preSolution
		Debug|Any CPU = Debug|Any CPU
		Release|Any CPU = Release|Any CPU
	EndGlobalSection
	GlobalSection(ProjectConfigurationPlatforms) = postSolution
		{B71124BE-57F6-4F41-A18B-94057E5D8F4D}.Debug|Any CPU.ActiveCfg = Debug|Any CPU
		{B71124BE-57F6-4F41-A18B-94057E5D8F4D}.Debug|Any CPU.Build.0 = Debug|Any CPU
		{B71124BE-57F6-4F41-A18B-94057E5D8F4D}.Release|Any CPU.ActiveCfg = Release|Any CPU
		{B71124BE-57F6-4F41-A18B-94057E5D8F4D}.Release|Any CPU.Build.0 = Release|Any CPU
		{A7E27F15-886A-4862-908C-557F17205B77}.Debug|Any CPU.ActiveCfg = Debug|Any CPU
		{A7E27F15-886A-4862-908C-557F17205B77}.Debug|Any CPU.Build.0 = Debug|Any CPU
		{A7E27F15-886A-4862-908C-557F17205B77}.Release|Any CPU.ActiveCfg = Release|Any CPU
		{A7E27F15-886A-4862-908C-557F17205B77}.Release|Any CPU.Build.0 = Release|Any CPU
		{3AC01751-9DA2-4CAE-ADC1-BF359234AF22}.Debug|Any CPU.ActiveCfg = Debug|Any CPU
		{3AC01751-9DA2-4CAE-ADC1-BF359234AF22}.Debug|Any CPU.Build.0 = Debug|Any CPU
		{3AC01751-9DA2-4CAE-ADC1-BF359234AF22}.Release|Any CPU.ActiveCfg = Release|Any CPU
		{3AC01751-9DA2-4CAE-ADC1-BF359234AF22}.Release|Any CPU.Build.0 = Release|Any CPU
		{DB098632-F50E-4A0D-8BA5-4EC874460687}.Debug|Any CPU.ActiveCfg = Debug|Any CPU
		{DB098632-F50E-4A0D-8BA5-4EC874460687}.Debug|Any CPU.Build.0 = Debug|Any CPU
		{DB098632-F50E-4A0D-8BA5-4EC874460687}.Release|Any CPU.ActiveCfg = Release|Any CPU
		{DB098632-F50E-4A0D-8BA5-4EC874460687}.Release|Any CPU.Build.0 = Release|Any CPU
		{1C49E0ED-D6FD-4B59-A496-1494FC94A776}.Debug|Any CPU.ActiveCfg = Debug|Any CPU
		{1C49E0ED-D6FD-4B59-A496-1494FC94A776}.Debug|Any CPU.Build.0 = Debug|Any CPU
		{1C49E0ED-D6FD-4B59-A496-1494FC94A776}.Release|Any CPU.ActiveCfg = Release|Any CPU
		{1C49E0ED-D6FD-4B59-A496-1494FC94A776}.Release|Any CPU.Build.0 = Release|Any CPU
		{79624EBE-5BCA-4668-A4AE-B9CD99FCB524}.Debug|Any CPU.ActiveCfg = Debug|Any CPU
		{79624EBE-5BCA-4668-A4AE-B9CD99FCB524}.Debug|Any CPU.Build.0 = Debug|Any CPU
		{79624EBE-5BCA-4668-A4AE-B9CD99FCB524}.Release|Any CPU.ActiveCfg = Release|Any CPU
		{79624EBE-5BCA-4668-A4AE-B9CD99FCB524}.Release|Any CPU.Build.0 = Release|Any CPU
		{EA4C4C2C-4004-497D-95C5-36269EBECF67}.Debug|Any CPU.ActiveCfg = Debug|Any CPU
		{EA4C4C2C-4004-497D-95C5-36269EBECF67}.Debug|Any CPU.Build.0 = Debug|Any CPU
		{EA4C4C2C-4004-497D-95C5-36269EBECF67}.Release|Any CPU.ActiveCfg = Release|Any CPU
		{EA4C4C2C-4004-497D-95C5-36269EBECF67}.Release|Any CPU.Build.0 = Release|Any CPU
		{3C964EA3-68C9-46F4-ABB4-88E096E5D90C}.Debug|Any CPU.ActiveCfg = Debug|Any CPU
		{3C964EA3-68C9-46F4-ABB4-88E096E5D90C}.Debug|Any CPU.Build.0 = Debug|Any CPU
		{3C964EA3-68C9-46F4-ABB4-88E096E5D90C}.Release|Any CPU.ActiveCfg = Release|Any CPU
		{3C964EA3-68C9-46F4-ABB4-88E096E5D90C}.Release|Any CPU.Build.0 = Release|Any CPU
		{6CEE50CD-5104-4863-8344-E3D2B3BC09ED}.Debug|Any CPU.ActiveCfg = Debug|Any CPU
		{6CEE50CD-5104-4863-8344-E3D2B3BC09ED}.Debug|Any CPU.Build.0 = Debug|Any CPU
		{6CEE50CD-5104-4863-8344-E3D2B3BC09ED}.Release|Any CPU.ActiveCfg = Release|Any CPU
		{6CEE50CD-5104-4863-8344-E3D2B3BC09ED}.Release|Any CPU.Build.0 = Release|Any CPU
		{1F0CA71E-92EB-4BDC-BBA9-8F8999A7E36F}.Debug|Any CPU.ActiveCfg = Debug|Any CPU
		{1F0CA71E-92EB-4BDC-BBA9-8F8999A7E36F}.Debug|Any CPU.Build.0 = Debug|Any CPU
		{1F0CA71E-92EB-4BDC-BBA9-8F8999A7E36F}.Release|Any CPU.ActiveCfg = Release|Any CPU
		{1F0CA71E-92EB-4BDC-BBA9-8F8999A7E36F}.Release|Any CPU.Build.0 = Release|Any CPU
	EndGlobalSection
	GlobalSection(SolutionProperties) = preSolution
		HideSolutionNode = FALSE
	EndGlobalSection
	GlobalSection(NestedProjects) = preSolution
		{B71124BE-57F6-4F41-A18B-94057E5D8F4D} = {E410CDCB-322E-4176-875C-324282A65426}
		{A7E27F15-886A-4862-908C-557F17205B77} = {E410CDCB-322E-4176-875C-324282A65426}
		{3AC01751-9DA2-4CAE-ADC1-BF359234AF22} = {E0DD4C20-B8F1-49CE-9EE0-0ACC7D81B37B}
		{DB098632-F50E-4A0D-8BA5-4EC874460687} = {E0DD4C20-B8F1-49CE-9EE0-0ACC7D81B37B}
		{1C49E0ED-D6FD-4B59-A496-1494FC94A776} = {E410CDCB-322E-4176-875C-324282A65426}
		{79624EBE-5BCA-4668-A4AE-B9CD99FCB524} = {E0DD4C20-B8F1-49CE-9EE0-0ACC7D81B37B}
		{EA4C4C2C-4004-497D-95C5-36269EBECF67} = {E0DD4C20-B8F1-49CE-9EE0-0ACC7D81B37B}
		{3C964EA3-68C9-46F4-ABB4-88E096E5D90C} = {E0DD4C20-B8F1-49CE-9EE0-0ACC7D81B37B}
		{6CEE50CD-5104-4863-8344-E3D2B3BC09ED} = {E0DD4C20-B8F1-49CE-9EE0-0ACC7D81B37B}
	EndGlobalSection
	GlobalSection(ExtensibilityGlobals) = postSolution
		SolutionGuid = {D9DE7A4D-7FA0-47D9-A04A-E49D8C782E0D}
	EndGlobalSection
EndGlobal
