
Microsoft Visual Studio Solution File, Format Version 12.00
# Visual Studio Version 17
VisualStudioVersion = 17.2.32630.192
MinimumVisualStudioVersion = 10.0.40219.1
Project("{9A19103F-16F7-4668-BE54-9A1E7A4F7556}") = "MangaBackend", "MangaBackend\MangaBackend.csproj", "{91688228-6DED-4C51-ACAE-5FDD39506F5D}"
EndProject
Project("{9A19103F-16F7-4668-BE54-9A1E7A4F7556}") = "Data", "Data\Data.csproj", "{EE7047D0-4ED3-4021-ADA6-50B9C78F8172}"
EndProject
Project("{9A19103F-16F7-4668-BE54-9A1E7A4F7556}") = "Services", "Services\Services.csproj", "{EA579808-6E99-4568-9491-7B986A3AD324}"
EndProject
Project("{2150E333-8FDC-42A3-9474-1A3956D46DE8}") = "Manga.Application", "Manga.Application", "{6F89CB42-3E71-4205-850C-7738C9A4BF66}"
EndProject
Project("{2150E333-8FDC-42A3-9474-1A3956D46DE8}") = "Manga.Shared", "Manga.Shared", "{4C43870A-A60B-41C3-A3CA-12C91402C554}"
EndProject
Project("{9A19103F-16F7-4668-BE54-9A1E7A4F7556}") = "LoginingService", "LoginingService\LoginingService.csproj", "{6A0D8422-3E9F-4AF3-9875-0201A18DD321}"
EndProject
Project("{9A19103F-16F7-4668-BE54-9A1E7A4F7556}") = "WrapperService", "WrapperService\WrapperService.csproj", "{DA0C3F45-304A-4660-A7A9-C6130CFC9B1C}"
EndProject
Project("{9A19103F-16F7-4668-BE54-9A1E7A4F7556}") = "ValidateService", "ValidateService\ValidateService.csproj", "{61FC4066-A4D8-41C1-8603-F0071E5D9347}"
EndProject
Project("{9A19103F-16F7-4668-BE54-9A1E7A4F7556}") = "EmailingService", "EmailService\EmailingService.csproj", "{F3ABDE35-A5C0-48B3-80EF-C2A0E6E698A5}"
EndProject
Project("{9A19103F-16F7-4668-BE54-9A1E7A4F7556}") = "Services.Shared", "Services.Core\Services.Shared.csproj", "{F309DEF5-8DA6-4524-9870-128578365BD9}"
EndProject
Global
	GlobalSection(SolutionConfigurationPlatforms) = preSolution
		Debug|Any CPU = Debug|Any CPU
		Release|Any CPU = Release|Any CPU
	EndGlobalSection
	GlobalSection(ProjectConfigurationPlatforms) = postSolution
		{91688228-6DED-4C51-ACAE-5FDD39506F5D}.Debug|Any CPU.ActiveCfg = Debug|Any CPU
		{91688228-6DED-4C51-ACAE-5FDD39506F5D}.Debug|Any CPU.Build.0 = Debug|Any CPU
		{91688228-6DED-4C51-ACAE-5FDD39506F5D}.Release|Any CPU.ActiveCfg = Release|Any CPU
		{91688228-6DED-4C51-ACAE-5FDD39506F5D}.Release|Any CPU.Build.0 = Release|Any CPU
		{EE7047D0-4ED3-4021-ADA6-50B9C78F8172}.Debug|Any CPU.ActiveCfg = Debug|Any CPU
		{EE7047D0-4ED3-4021-ADA6-50B9C78F8172}.Debug|Any CPU.Build.0 = Debug|Any CPU
		{EE7047D0-4ED3-4021-ADA6-50B9C78F8172}.Release|Any CPU.ActiveCfg = Release|Any CPU
		{EE7047D0-4ED3-4021-ADA6-50B9C78F8172}.Release|Any CPU.Build.0 = Release|Any CPU
		{EA579808-6E99-4568-9491-7B986A3AD324}.Debug|Any CPU.ActiveCfg = Debug|Any CPU
		{EA579808-6E99-4568-9491-7B986A3AD324}.Debug|Any CPU.Build.0 = Debug|Any CPU
		{EA579808-6E99-4568-9491-7B986A3AD324}.Release|Any CPU.ActiveCfg = Release|Any CPU
		{EA579808-6E99-4568-9491-7B986A3AD324}.Release|Any CPU.Build.0 = Release|Any CPU
		{6A0D8422-3E9F-4AF3-9875-0201A18DD321}.Debug|Any CPU.ActiveCfg = Debug|Any CPU
		{6A0D8422-3E9F-4AF3-9875-0201A18DD321}.Debug|Any CPU.Build.0 = Debug|Any CPU
		{6A0D8422-3E9F-4AF3-9875-0201A18DD321}.Release|Any CPU.ActiveCfg = Release|Any CPU
		{6A0D8422-3E9F-4AF3-9875-0201A18DD321}.Release|Any CPU.Build.0 = Release|Any CPU
		{DA0C3F45-304A-4660-A7A9-C6130CFC9B1C}.Debug|Any CPU.ActiveCfg = Debug|Any CPU
		{DA0C3F45-304A-4660-A7A9-C6130CFC9B1C}.Debug|Any CPU.Build.0 = Debug|Any CPU
		{DA0C3F45-304A-4660-A7A9-C6130CFC9B1C}.Release|Any CPU.ActiveCfg = Release|Any CPU
		{DA0C3F45-304A-4660-A7A9-C6130CFC9B1C}.Release|Any CPU.Build.0 = Release|Any CPU
		{61FC4066-A4D8-41C1-8603-F0071E5D9347}.Debug|Any CPU.ActiveCfg = Debug|Any CPU
		{61FC4066-A4D8-41C1-8603-F0071E5D9347}.Debug|Any CPU.Build.0 = Debug|Any CPU
		{61FC4066-A4D8-41C1-8603-F0071E5D9347}.Release|Any CPU.ActiveCfg = Release|Any CPU
		{61FC4066-A4D8-41C1-8603-F0071E5D9347}.Release|Any CPU.Build.0 = Release|Any CPU
		{F3ABDE35-A5C0-48B3-80EF-C2A0E6E698A5}.Debug|Any CPU.ActiveCfg = Debug|Any CPU
		{F3ABDE35-A5C0-48B3-80EF-C2A0E6E698A5}.Debug|Any CPU.Build.0 = Debug|Any CPU
		{F3ABDE35-A5C0-48B3-80EF-C2A0E6E698A5}.Release|Any CPU.ActiveCfg = Release|Any CPU
		{F3ABDE35-A5C0-48B3-80EF-C2A0E6E698A5}.Release|Any CPU.Build.0 = Release|Any CPU
		{F309DEF5-8DA6-4524-9870-128578365BD9}.Debug|Any CPU.ActiveCfg = Debug|Any CPU
		{F309DEF5-8DA6-4524-9870-128578365BD9}.Debug|Any CPU.Build.0 = Debug|Any CPU
		{F309DEF5-8DA6-4524-9870-128578365BD9}.Release|Any CPU.ActiveCfg = Release|Any CPU
		{F309DEF5-8DA6-4524-9870-128578365BD9}.Release|Any CPU.Build.0 = Release|Any CPU
	EndGlobalSection
	GlobalSection(SolutionProperties) = preSolution
		HideSolutionNode = FALSE
	EndGlobalSection
	GlobalSection(NestedProjects) = preSolution
		{91688228-6DED-4C51-ACAE-5FDD39506F5D} = {6F89CB42-3E71-4205-850C-7738C9A4BF66}
		{EE7047D0-4ED3-4021-ADA6-50B9C78F8172} = {6F89CB42-3E71-4205-850C-7738C9A4BF66}
		{EA579808-6E99-4568-9491-7B986A3AD324} = {6F89CB42-3E71-4205-850C-7738C9A4BF66}
		{6A0D8422-3E9F-4AF3-9875-0201A18DD321} = {4C43870A-A60B-41C3-A3CA-12C91402C554}
		{DA0C3F45-304A-4660-A7A9-C6130CFC9B1C} = {4C43870A-A60B-41C3-A3CA-12C91402C554}
		{61FC4066-A4D8-41C1-8603-F0071E5D9347} = {4C43870A-A60B-41C3-A3CA-12C91402C554}
		{F3ABDE35-A5C0-48B3-80EF-C2A0E6E698A5} = {4C43870A-A60B-41C3-A3CA-12C91402C554}
		{F309DEF5-8DA6-4524-9870-128578365BD9} = {4C43870A-A60B-41C3-A3CA-12C91402C554}
	EndGlobalSection
	GlobalSection(ExtensibilityGlobals) = postSolution
		SolutionGuid = {C2E5A7B6-324D-460A-A54B-56B49E8DC552}
	EndGlobalSection
EndGlobal
